
Microsoft Visual Studio Solution File, Format Version 12.00
# Visual Studio Version 17
VisualStudioVersion = 17.14.36221.1
MinimumVisualStudioVersion = 10.0.40219.1
Project("{FAE04EC0-301F-11D3-BF4B-00C04F79EFBC}") = "UIPlayground", "UIPlayground\UIPlayground.csproj", "{36866E1F-5D3E-4281-8439-8B1E49A78F27}"
EndProject
Project("{FAE04EC0-301F-11D3-BF4B-00C04F79EFBC}") = "Unit_Tests", "Unit_Tests\Unit_Tests.csproj", "{6C96E840-AD9B-480F-901B-D353F5747A38}"
EndProject
Global
	GlobalSection(SolutionConfigurationPlatforms) = preSolution
		Debug|Any CPU = Debug|Any CPU
		Release|Any CPU = Release|Any CPU
	EndGlobalSection
	GlobalSection(ProjectConfigurationPlatforms) = postSolution
		{36866E1F-5D3E-4281-8439-8B1E49A78F27}.Debug|Any CPU.ActiveCfg = Debug|Any CPU
		{36866E1F-5D3E-4281-8439-8B1E49A78F27}.Debug|Any CPU.Build.0 = Debug|Any CPU
		{36866E1F-5D3E-4281-8439-8B1E49A78F27}.Release|Any CPU.ActiveCfg = Release|Any CPU
		{36866E1F-5D3E-4281-8439-8B1E49A78F27}.Release|Any CPU.Build.0 = Release|Any CPU
		{6C96E840-AD9B-480F-901B-D353F5747A38}.Debug|Any CPU.ActiveCfg = Debug|Any CPU
		{6C96E840-AD9B-480F-901B-D353F5747A38}.Debug|Any CPU.Build.0 = Debug|Any CPU
		{6C96E840-AD9B-480F-901B-D353F5747A38}.Release|Any CPU.ActiveCfg = Release|Any CPU
		{6C96E840-AD9B-480F-901B-D353F5747A38}.Release|Any CPU.Build.0 = Release|Any CPU
	EndGlobalSection
	GlobalSection(SolutionProperties) = preSolution
		HideSolutionNode = FALSE
	EndGlobalSection
	GlobalSection(ExtensibilityGlobals) = postSolution
		SolutionGuid = {D61FF0B6-F3B2-4FBD-A9D9-7E3FB47BB60B}
	EndGlobalSection
EndGlobal
